{
  "nodes": {
    "blobs": {
      "flake": false,
      "locked": {
        "lastModified": 1604995301,
        "narHash": "sha256-wcLzgLec6SGJA8fx1OEN1yV/Py5b+U5iyYpksUY/yLw=",
        "owner": "simple-nixos-mailserver",
        "repo": "blobs",
        "rev": "2cccdf1ca48316f2cfd1c9a0017e8de5a7156265",
        "type": "gitlab"
      },
      "original": {
        "owner": "simple-nixos-mailserver",
        "repo": "blobs",
        "type": "gitlab"
      }
    },
    "crane": {
      "locked": {
        "lastModified": 1746291859,
        "narHash": "sha256-DdWJLA+D5tcmrRSg5Y7tp/qWaD05ATI4Z7h22gd1h7Q=",
        "owner": "ipetkov",
        "repo": "crane",
        "rev": "dfd9a8dfd09db9aad544c4d3b6c47b12562544a5",
        "type": "github"
      },
      "original": {
        "owner": "ipetkov",
        "repo": "crane",
        "type": "github"
      }
    },
    "disko": {
      "inputs": {
        "nixpkgs": [
          "nixpkgs"
        ]
      },
      "locked": {
        "lastModified": 1747274630,
        "narHash": "sha256-87RJwXbfOHyzTB9LYagAQ6vOZhszCvd8Gvudu+gf3qo=",
        "owner": "nix-community",
        "repo": "disko",
        "rev": "ec7c109a4f794fce09aad87239eab7f66540b888",
        "type": "github"
      },
      "original": {
        "owner": "nix-community",
        "repo": "disko",
        "type": "github"
      }
    },
    "flake-compat": {
      "flake": false,
      "locked": {
        "lastModified": 1733328505,
        "narHash": "sha256-NeCCThCEP3eCl2l/+27kNNK7QrwZB1IJCrXfrbv5oqU=",
        "owner": "edolstra",
        "repo": "flake-compat",
        "rev": "ff81ac966bb2cae68946d5ed5fc4994f96d0ffec",
        "type": "github"
      },
      "original": {
        "owner": "edolstra",
        "repo": "flake-compat",
        "type": "github"
      }
    },
    "flake-compat_2": {
      "locked": {
        "lastModified": 1733328505,
        "narHash": "sha256-NeCCThCEP3eCl2l/+27kNNK7QrwZB1IJCrXfrbv5oqU=",
        "rev": "ff81ac966bb2cae68946d5ed5fc4994f96d0ffec",
        "revCount": 69,
        "type": "tarball",
        "url": "https://api.flakehub.com/f/pinned/edolstra/flake-compat/1.1.0/01948eb7-9cba-704f-bbf3-3fa956735b52/source.tar.gz"
      },
      "original": {
        "type": "tarball",
        "url": "https://flakehub.com/f/edolstra/flake-compat/1.tar.gz"
      }
    },
    "flake-compat_3": {
      "flake": false,
      "locked": {
        "lastModified": 1696426674,
        "narHash": "sha256-kvjfFW7WAETZlt09AgDn1MrtKzP7t90Vf7vypd3OL1U=",
        "owner": "edolstra",
        "repo": "flake-compat",
        "rev": "0f9255e01c2351cc7d116c072cb317785dd33b33",
        "type": "github"
      },
      "original": {
        "owner": "edolstra",
        "repo": "flake-compat",
        "type": "github"
      }
    },
    "flake-parts": {
      "inputs": {
        "nixpkgs-lib": [
          "lanzaboote",
          "nixpkgs"
        ]
      },
      "locked": {
        "lastModified": 1743550720,
        "narHash": "sha256-hIshGgKZCgWh6AYJpJmRgFdR3WUbkY04o82X05xqQiY=",
        "owner": "hercules-ci",
        "repo": "flake-parts",
        "rev": "c621e8422220273271f52058f618c94e405bb0f5",
        "type": "github"
      },
      "original": {
        "owner": "hercules-ci",
        "repo": "flake-parts",
        "type": "github"
      }
    },
    "flake-parts_2": {
      "inputs": {
        "nixpkgs-lib": [
          "nixpak",
          "nixpkgs"
        ]
      },
      "locked": {
        "lastModified": 1743550720,
        "narHash": "sha256-hIshGgKZCgWh6AYJpJmRgFdR3WUbkY04o82X05xqQiY=",
        "owner": "hercules-ci",
        "repo": "flake-parts",
        "rev": "c621e8422220273271f52058f618c94e405bb0f5",
        "type": "github"
      },
      "original": {
        "owner": "hercules-ci",
        "repo": "flake-parts",
        "type": "github"
      }
    },
    "flake-utils": {
      "locked": {
        "lastModified": 1649676176,
        "narHash": "sha256-OWKJratjt2RW151VUlJPRALb7OU2S5s+f0vLj4o1bHM=",
        "owner": "numtide",
        "repo": "flake-utils",
        "rev": "a4b154ebbdc88c8498a5c7b01589addc9e9cb678",
        "type": "github"
      },
      "original": {
        "owner": "numtide",
        "repo": "flake-utils",
        "type": "github"
      }
    },
    "flake-utils_2": {
      "inputs": {
        "systems": "systems"
      },
      "locked": {
        "lastModified": 1731533236,
        "narHash": "sha256-l0KFg5HjrsfsO/JpG+r7fRrqm12kzFHyUHqHCVpMMbI=",
        "owner": "numtide",
        "repo": "flake-utils",
        "rev": "11707dc2f618dd54ca8739b309ec4fc024de578b",
        "type": "github"
      },
      "original": {
        "owner": "numtide",
        "repo": "flake-utils",
        "type": "github"
      }
    },
    "gitignore": {
      "inputs": {
        "nixpkgs": [
          "lanzaboote",
          "pre-commit-hooks-nix",
          "nixpkgs"
        ]
      },
      "locked": {
        "lastModified": 1709087332,
        "narHash": "sha256-HG2cCnktfHsKV0s4XW83gU3F57gaTljL9KNSuG6bnQs=",
        "owner": "hercules-ci",
        "repo": "gitignore.nix",
        "rev": "637db329424fd7e46cf4185293b9cc8c88c95394",
        "type": "github"
      },
      "original": {
        "owner": "hercules-ci",
        "repo": "gitignore.nix",
        "type": "github"
      }
    },
    "hercules-ci-effects": {
      "inputs": {
        "flake-parts": [
          "nixpak",
          "flake-parts"
        ],
        "nixpkgs": [
          "nixpak",
          "nixpkgs"
        ]
      },
      "locked": {
        "lastModified": 1744693102,
        "narHash": "sha256-1Z4WPGVky4w3lrhrgs89OKsLzPdtkbi1bPLNFWsoLfY=",
        "owner": "hercules-ci",
        "repo": "hercules-ci-effects",
        "rev": "5b6cec51c9ec095a0d3fd4c8eeb53eb5c59ae33e",
        "type": "github"
      },
      "original": {
        "owner": "hercules-ci",
        "repo": "hercules-ci-effects",
        "type": "github"
      }
    },
    "home-manager": {
      "inputs": {
        "nixpkgs": [
          "nixpkgs"
        ]
      },
      "locked": {
        "lastModified": 1747331121,
        "narHash": "sha256-3MmiUN/jOHBHQUnjqzg6qKArc17j2OS6jisEppDY4g8=",
        "owner": "nix-community",
        "repo": "home-manager",
        "rev": "1eec32f0efe3b830927989767a9e6ece0d82d608",
        "type": "github"
      },
      "original": {
        "owner": "nix-community",
        "ref": "release-24.11",
        "repo": "home-manager",
        "type": "github"
      }
    },
    "home-manager_2": {
      "inputs": {
        "nixpkgs": [
          "zen-browser",
          "nixpkgs"
        ]
      },
      "locked": {
        "lastModified": 1743604125,
        "narHash": "sha256-ZD61DNbsBt1mQbinAaaEqKaJk2RFo9R/j+eYWeGMx7A=",
        "owner": "nix-community",
        "repo": "home-manager",
        "rev": "180fd43eea296e62ae68e079fcf56aba268b9a1a",
        "type": "github"
      },
      "original": {
        "owner": "nix-community",
        "repo": "home-manager",
        "type": "github"
      }
    },
    "impermanence": {
      "locked": {
        "lastModified": 1737831083,
        "narHash": "sha256-LJggUHbpyeDvNagTUrdhe/pRVp4pnS6wVKALS782gRI=",
        "owner": "nix-community",
        "repo": "impermanence",
        "rev": "4b3e914cdf97a5b536a889e939fb2fd2b043a170",
        "type": "github"
      },
      "original": {
        "owner": "nix-community",
        "repo": "impermanence",
        "type": "github"
      }
    },
    "lanzaboote": {
      "inputs": {
        "crane": "crane",
        "flake-compat": "flake-compat",
        "flake-parts": "flake-parts",
        "nixpkgs": [
          "nixpkgs"
        ],
        "pre-commit-hooks-nix": "pre-commit-hooks-nix",
        "rust-overlay": "rust-overlay"
      },
      "locked": {
        "lastModified": 1747056319,
        "narHash": "sha256-qSKcBaISBozadtPq6BomnD+wIYTZIkiua3UuHLaD52c=",
        "owner": "nix-community",
        "repo": "lanzaboote",
        "rev": "2e425f3da6ce7f5b34fa6eaf7a2a7f78dbabcc85",
        "type": "github"
      },
      "original": {
        "owner": "nix-community",
        "repo": "lanzaboote",
        "type": "github"
      }
    },
    "nix-autobahn": {
      "inputs": {
        "flake-utils": "flake-utils",
        "nixpkgs": [
          "nixpkgs"
        ]
      },
      "locked": {
        "lastModified": 1650132562,
        "narHash": "sha256-h51KOeqabmr6Ug7Cj8mO/EyMo/0wiTb5R364ovh2dp0=",
        "owner": "Lassulus",
        "repo": "nix-autobahn",
        "rev": "9122088c5d58ca86b26ee4eda9ce6745f2c9555e",
        "type": "github"
      },
      "original": {
        "owner": "Lassulus",
        "repo": "nix-autobahn",
        "type": "github"
      }
    },
    "nixos-hardware": {
      "locked": {
        "lastModified": 1747129300,
        "narHash": "sha256-L3clA5YGeYCF47ghsI7Tcex+DnaaN/BbQ4dR2wzoiKg=",
        "owner": "NixOS",
        "repo": "nixos-hardware",
        "rev": "e81fd167b33121269149c57806599045fd33eeed",
        "type": "github"
      },
      "original": {
        "owner": "NixOS",
        "ref": "master",
        "repo": "nixos-hardware",
        "type": "github"
      }
    },
    "nixpak": {
      "inputs": {
        "flake-parts": "flake-parts_2",
        "hercules-ci-effects": "hercules-ci-effects",
        "nixpkgs": [
          "nixpkgs"
        ]
      },
      "locked": {
        "lastModified": 1747276388,
        "narHash": "sha256-+jgSt/rniQU2bH5rNLcGVWhFV+HNbo/6YFTbOza+6XE=",
        "owner": "nixpak",
        "repo": "nixpak",
        "rev": "7696752fc3a231823039256cfffe7390e9effdfe",
        "type": "github"
      },
      "original": {
        "owner": "nixpak",
        "repo": "nixpak",
        "type": "github"
      }
    },
    "nixpkgs": {
      "locked": {
        "lastModified": 1747209494,
        "narHash": "sha256-fLise+ys+bpyjuUUkbwqo5W/UyIELvRz9lPBPoB0fbM=",
        "owner": "NixOS",
        "repo": "nixpkgs",
        "rev": "5d736263df906c5da72ab0f372427814de2f52f8",
        "type": "github"
      },
      "original": {
        "owner": "NixOS",
        "ref": "nixos-24.11",
        "repo": "nixpkgs",
        "type": "github"
      }
    },
    "nixpkgs-24_11": {
      "locked": {
        "lastModified": 1734083684,
        "narHash": "sha256-5fNndbndxSx5d+C/D0p/VF32xDiJCJzyOqorOYW4JEo=",
        "owner": "NixOS",
        "repo": "nixpkgs",
        "rev": "314e12ba369ccdb9b352a4db26ff419f7c49fa84",
        "type": "github"
      },
      "original": {
        "id": "nixpkgs",
        "ref": "nixos-24.11",
        "type": "indirect"
      }
    },
    "nixpkgs-unfree": {
      "inputs": {
        "nixpkgs": [
          "nixpkgs"
        ]
      },
      "locked": {
        "lastModified": 1727984955,
        "narHash": "sha256-vP3XzXfQLaxy2QYipK5teKFzgWBeSkv9hByCvrMEL1c=",
        "owner": "numtide",
        "repo": "nixpkgs-unfree",
        "rev": "deab889228cedd7bca43e71ea4f61f9ea12c260e",
        "type": "github"
      },
      "original": {
        "owner": "numtide",
        "repo": "nixpkgs-unfree",
        "type": "github"
      }
    },
    "nixpkgs-xr": {
      "inputs": {
        "flake-compat": "flake-compat_2",
        "flake-utils": "flake-utils_2",
        "nixpkgs": [
          "nixpkgs"
        ],
        "treefmt-nix": "treefmt-nix"
      },
      "locked": {
        "lastModified": 1747186018,
        "narHash": "sha256-+GoQ935yXCDxpSv6vt6wKMYI4Q2beXwn760Y/k2plX4=",
        "owner": "nix-community",
        "repo": "nixpkgs-xr",
        "rev": "6ea01b9c8c7be327d3dd21d0537dd9e014bf3a64",
        "type": "github"
      },
      "original": {
        "owner": "nix-community",
        "repo": "nixpkgs-xr",
        "type": "github"
      }
    },
    "nixpkgs_2": {
      "locked": {
        "lastModified": 1743448293,
        "narHash": "sha256-bmEPmSjJakAp/JojZRrUvNcDX2R5/nuX6bm+seVaGhs=",
        "owner": "nixos",
        "repo": "nixpkgs",
        "rev": "77b584d61ff80b4cef9245829a6f1dfad5afdfa3",
        "type": "github"
      },
      "original": {
        "owner": "nixos",
        "ref": "nixos-unstable",
        "repo": "nixpkgs",
        "type": "github"
      }
    },
    "pre-commit-hooks-nix": {
      "inputs": {
        "flake-compat": [
          "lanzaboote",
          "flake-compat"
        ],
        "gitignore": "gitignore",
        "nixpkgs": [
          "lanzaboote",
          "nixpkgs"
        ]
      },
      "locked": {
        "lastModified": 1746537231,
        "narHash": "sha256-Wb2xeSyOsCoTCTj7LOoD6cdKLEROyFAArnYoS+noCWo=",
        "owner": "cachix",
        "repo": "pre-commit-hooks.nix",
        "rev": "fa466640195d38ec97cf0493d6d6882bc4d14969",
        "type": "github"
      },
      "original": {
        "owner": "cachix",
        "repo": "pre-commit-hooks.nix",
        "type": "github"
      }
    },
    "root": {
      "inputs": {
        "disko": "disko",
        "home-manager": "home-manager",
        "impermanence": "impermanence",
        "lanzaboote": "lanzaboote",
        "nix-autobahn": "nix-autobahn",
        "nixos-hardware": "nixos-hardware",
        "nixpak": "nixpak",
        "nixpkgs": "nixpkgs",
        "nixpkgs-unfree": "nixpkgs-unfree",
        "nixpkgs-xr": "nixpkgs-xr",
        "simple-nixos-mailserver": "simple-nixos-mailserver",
        "systems": "systems_2",
        "zen-browser": "zen-browser"
      }
    },
    "rust-overlay": {
      "inputs": {
        "nixpkgs": [
          "lanzaboote",
          "nixpkgs"
        ]
      },
      "locked": {
        "lastModified": 1747017456,
        "narHash": "sha256-C/U12fcO+HEF071b5mK65lt4XtAIZyJSSJAg9hdlvTk=",
        "owner": "oxalica",
        "repo": "rust-overlay",
        "rev": "5b07506ae89b025b14de91f697eba23b48654c52",
        "type": "github"
      },
      "original": {
        "owner": "oxalica",
        "repo": "rust-overlay",
        "type": "github"
      }
    },
    "simple-nixos-mailserver": {
      "inputs": {
        "blobs": "blobs",
        "flake-compat": "flake-compat_3",
        "nixpkgs": [
          "nixpkgs"
        ],
        "nixpkgs-24_11": "nixpkgs-24_11"
      },
      "locked": {
        "lastModified": 1746469806,
        "narHash": "sha256-kL3cc25sc0x+6gBZYjuE4566RT1E3XLQs4V8sl7D+VE=",
        "owner": "simple-nixos-mailserver",
        "repo": "nixos-mailserver",
        "rev": "14857a0309d7bbdf7c51bbfa309d0d13448ae77e",
        "type": "gitlab"
      },
      "original": {
        "owner": "simple-nixos-mailserver",
        "ref": "nixos-24.11",
        "repo": "nixos-mailserver",
        "type": "gitlab"
      }
    },
    "systems": {
      "locked": {
        "lastModified": 1681028828,
        "narHash": "sha256-Vy1rq5AaRuLzOxct8nz4T6wlgyUR7zLU309k9mBC768=",
        "owner": "nix-systems",
        "repo": "default",
        "rev": "da67096a3b9bf56a91d16901293e51ba5b49a27e",
        "type": "github"
      },
      "original": {
        "owner": "nix-systems",
        "repo": "default",
        "type": "github"
      }
    },
    "systems_2": {
      "locked": {
        "lastModified": 1680978846,
        "narHash": "sha256-Gtqg8b/v49BFDpDetjclCYXm8mAnTrUzR0JnE2nv5aw=",
        "owner": "nix-systems",
        "repo": "x86_64-linux",
        "rev": "2ecfcac5e15790ba6ce360ceccddb15ad16d08a8",
        "type": "github"
      },
      "original": {
        "owner": "nix-systems",
        "repo": "x86_64-linux",
        "type": "github"
      }
    },
    "treefmt-nix": {
      "inputs": {
        "nixpkgs": [
          "nixpkgs-xr",
          "nixpkgs"
        ]
      },
      "locked": {
        "lastModified": 1746989248,
        "narHash": "sha256-uoQ21EWsAhyskNo8QxrTVZGjG/dV4x5NM1oSgrmNDJY=",
        "owner": "numtide",
        "repo": "treefmt-nix",
        "rev": "708ec80ca82e2bbafa93402ccb66a35ff87900c5",
        "type": "github"
      },
      "original": {
        "owner": "numtide",
        "repo": "treefmt-nix",
        "type": "github"
      }
    },
    "zen-browser": {
      "inputs": {
        "home-manager": "home-manager_2",
        "nixpkgs": "nixpkgs_2"
      },
      "locked": {
        "lastModified": 1747433905,
        "narHash": "sha256-5UOAlhEgp896xoSQVrTGO+Z4A7Nkk/Ekj5HOCeotoi4=",
        "owner": "0xc000022070",
        "repo": "zen-browser-flake",
        "rev": "0ea4fe8e43eec8760e70816c666a3cdd7310a649",
        "type": "github"
      },
      "original": {
        "owner": "0xc000022070",
        "repo": "zen-browser-flake",
        "type": "github"
      }
    }
  },
  "root": "root",
  "version": 7
}
